{
  "name": "parcel-optimizer-data-url-round-bracket",
  "version": "v1.0.0",
  "lockfileVersion": 1,
  "requires": true,
  "dependencies": {
    "@parcel/plugin": {
      "version": "2.0.0-nightly.327",
      "resolved": "https://registry.npmjs.org/@parcel/plugin/-/plugin-2.0.0-nightly.327.tgz",
      "integrity": "sha512-Gi/sFpiWR8olauyMubYeAc/GHrS+D+3OJGso+T2cwXZXR5zKFjGBlbUfVS9P2Tq9UJLRL92CfxfnevWhW3+A7A==",
      "requires": {
        "@parcel/types": "2.0.0-nightly.327+3eb13e11"
      }
    },
    "@parcel/types": {
      "version": "2.0.0-nightly.327",
      "resolved": "https://registry.npmjs.org/@parcel/types/-/types-2.0.0-nightly.327.tgz",
      "integrity": "sha512-M1V/Qf9IktPKWIoYQmFTfaKueOM5VMmuC7kdZCtPsMniNaada+idT3UvM2U3gkcHu4jRvCyXoBP6XrxiEwvMpQ=="
    }
  }
}
